{
  "originHash" : "9a695d32851b49908cff3c697d09f7cf0fe86c11b8f552b81a5e755b01d28a0b",
  "pins" : [
    {
      "identity" : "swiftsoup",
      "kind" : "remoteSourceControl",
      "location" : "https://github.com/scinfu/SwiftSoup.git",
      "state" : {
        "revision" : "6c7915e16f729857aec3e99068c361e58a00ed68",
        "version" : "2.13.4"
      }
    },
    {
      "identity" : "swiftui-web-image-picker",
      "kind" : "remoteSourceControl",
      "location" : "https://github.com/fennelouski/SwiftUI-Web-Image-Picker.git",
      "state" : {
        "revision" : "95452cde0c1bcd2c3b922a910ba43103ed7e607d",
        "version" : "1.3.0"
      }
    }
  ],
  "version" : 3
}
